
Microsoft Visual Studio Solution File, Format Version 12.00
# Visual Studio Version 17
VisualStudioVersion = 17.7.34018.315
MinimumVisualStudioVersion = 10.0.40219.1
Project("{FAE04EC0-301F-11D3-BF4B-00C04F79EFBC}") = "Assignment8", "Assignment8\Assignment8.csproj", "{528A189D-F3F3-4926-BC04-66D26D653D78}"
EndProject
Global
	GlobalSection(SolutionConfigurationPlatforms) = preSolution
		Debug|Any CPU = Debug|Any CPU
		Release|Any CPU = Release|Any CPU
	EndGlobalSection
	GlobalSection(ProjectConfigurationPlatforms) = postSolution
		{528A189D-F3F3-4926-BC04-66D26D653D78}.Debug|Any CPU.ActiveCfg = Debug|Any CPU
		{528A189D-F3F3-4926-BC04-66D26D653D78}.Debug|Any CPU.Build.0 = Debug|Any CPU
		{528A189D-F3F3-4926-BC04-66D26D653D78}.Release|Any CPU.ActiveCfg = Release|Any CPU
		{528A189D-F3F3-4926-BC04-66D26D653D78}.Release|Any CPU.Build.0 = Release|Any CPU
	EndGlobalSection
	GlobalSection(SolutionProperties) = preSolution
		HideSolutionNode = FALSE
	EndGlobalSection
	GlobalSection(ExtensibilityGlobals) = postSolution
		SolutionGuid = {933F5C74-FE08-4F66-9C2D-F12CAC3C1018}
	EndGlobalSection
EndGlobal
